// !$*UTF8*$!
{
	archiveVersion = 1;
	classes = {
	};
	objectVersion = 46;
	objects = {

/* Begin PBXBuildFile section */
		4D2C544F1B87F59F0007AFD5 /* NotificationUtilities.swift in Sources */ = {isa = PBXBuildFile; fileRef = 4D2C544E1B87F59F0007AFD5 /* NotificationUtilities.swift */; };
		4D2C54521B880EE40007AFD5 /* KlockWirkerDetailViewController.swift in Sources */ = {isa = PBXBuildFile; fileRef = 4D2C54501B880EE40007AFD5 /* KlockWirkerDetailViewController.swift */; };
		4D2C54531B880EE40007AFD5 /* KlockWirkerDetailViewController.xib in Resources */ = {isa = PBXBuildFile; fileRef = 4D2C54511B880EE40007AFD5 /* KlockWirkerDetailViewController.xib */; };
		4D2C545B1B8A03130007AFD5 /* MBProgressHUD.m in Sources */ = {isa = PBXBuildFile; fileRef = 4D2C545A1B8A03130007AFD5 /* MBProgressHUD.m */; };
		4D2C545D1B8A6D9E0007AFD5 /* LoginService.swift in Sources */ = {isa = PBXBuildFile; fileRef = 4D2C545C1B8A6D9E0007AFD5 /* LoginService.swift */; };
		4D2C545F1B8A70B10007AFD5 /* DictionaryExtenstions.swift in Sources */ = {isa = PBXBuildFile; fileRef = 4D2C545E1B8A70B10007AFD5 /* DictionaryExtenstions.swift */; };
		4D2C54631B8A7A8F0007AFD5 /* SettingsViewController.swift in Sources */ = {isa = PBXBuildFile; fileRef = 4D2C54611B8A7A8F0007AFD5 /* SettingsViewController.swift */; };
		4D2C54641B8A7A8F0007AFD5 /* SettingsViewController.xib in Resources */ = {isa = PBXBuildFile; fileRef = 4D2C54621B8A7A8F0007AFD5 /* SettingsViewController.xib */; };
		4D2C546A1B8A907B0007AFD5 /* MerchantTabBarController.swift in Sources */ = {isa = PBXBuildFile; fileRef = 4D2C54691B8A907B0007AFD5 /* MerchantTabBarController.swift */; };
		4D2C54761B952BD20007AFD5 /* EnrollmentViewCell.swift in Sources */ = {isa = PBXBuildFile; fileRef = 4D2C54741B952BD20007AFD5 /* EnrollmentViewCell.swift */; };
		4D2C54771B952BD20007AFD5 /* EnrollmentViewCell.xib in Resources */ = {isa = PBXBuildFile; fileRef = 4D2C54751B952BD20007AFD5 /* EnrollmentViewCell.xib */; };
		4D2C547B1B9536A60007AFD5 /* AccountSetupField.swift in Sources */ = {isa = PBXBuildFile; fileRef = 4D2C547A1B9536A60007AFD5 /* AccountSetupField.swift */; };
		4D2C547D1B97C7F20007AFD5 /* MerchantServices.swift in Sources */ = {isa = PBXBuildFile; fileRef = 4D2C547C1B97C7F20007AFD5 /* MerchantServices.swift */; };
		4D2C547F1B97C8CE0007AFD5 /* BaseKlockWirkService.swift in Sources */ = {isa = PBXBuildFile; fileRef = 4D2C547E1B97C8CE0007AFD5 /* BaseKlockWirkService.swift */; };
		4D2C54811B9AA1580007AFD5 /* ImageUtilities.swift in Sources */ = {isa = PBXBuildFile; fileRef = 4D2C54801B9AA1580007AFD5 /* ImageUtilities.swift */; };
		4D2C54831B9C03000007AFD5 /* PosSalesService.swift in Sources */ = {isa = PBXBuildFile; fileRef = 4D2C54821B9C03000007AFD5 /* PosSalesService.swift */; };
		4D2C54861B9DF0DB0007AFD5 /* KlockWirkerSetupViewController.swift in Sources */ = {isa = PBXBuildFile; fileRef = 4D2C54841B9DF0DB0007AFD5 /* KlockWirkerSetupViewController.swift */; };
		4D2C54871B9DF0DB0007AFD5 /* KlockWirkerSetupViewController.xib in Resources */ = {isa = PBXBuildFile; fileRef = 4D2C54851B9DF0DB0007AFD5 /* KlockWirkerSetupViewController.xib */; };
		4D2C548B1B9E5B950007AFD5 /* HomeViewController.swift in Sources */ = {isa = PBXBuildFile; fileRef = 4D2C54891B9E5B950007AFD5 /* HomeViewController.swift */; };
		4D2C548C1B9E5B950007AFD5 /* HomeViewController.xib in Resources */ = {isa = PBXBuildFile; fileRef = 4D2C548A1B9E5B950007AFD5 /* HomeViewController.xib */; };
		4D2C54931B9E68720007AFD5 /* KlockWirkerSelectionViewController.swift in Sources */ = {isa = PBXBuildFile; fileRef = 4D2C54911B9E68720007AFD5 /* KlockWirkerSelectionViewController.swift */; };
		4D2C54941B9E68720007AFD5 /* KlockWirkerSelectionViewController.xib in Resources */ = {isa = PBXBuildFile; fileRef = 4D2C54921B9E68720007AFD5 /* KlockWirkerSelectionViewController.xib */; };
		4D2C54971B9FB0510007AFD5 /* NewKlockWirkerViewController.swift in Sources */ = {isa = PBXBuildFile; fileRef = 4D2C54951B9FB0510007AFD5 /* NewKlockWirkerViewController.swift */; };
		4D2C54981B9FB0510007AFD5 /* NewKlockWirkerViewController.xib in Resources */ = {isa = PBXBuildFile; fileRef = 4D2C54961B9FB0510007AFD5 /* NewKlockWirkerViewController.xib */; };
		4D2C549B1B9FBD0B0007AFD5 /* MerchantSetupViewController.swift in Sources */ = {isa = PBXBuildFile; fileRef = 4D2C54991B9FBD0B0007AFD5 /* MerchantSetupViewController.swift */; };
		4D2C549C1B9FBD0B0007AFD5 /* MerchantSetupViewController.xib in Resources */ = {isa = PBXBuildFile; fileRef = 4D2C549A1B9FBD0B0007AFD5 /* MerchantSetupViewController.xib */; };
		4D2C549E1BA111190007AFD5 /* Schedule.swift in Sources */ = {isa = PBXBuildFile; fileRef = 4D2C549D1BA111190007AFD5 /* Schedule.swift */; };
		4D2C54A01BA3ABC20007AFD5 /* ScheduleService.swift in Sources */ = {isa = PBXBuildFile; fileRef = 4D2C549F1BA3ABC20007AFD5 /* ScheduleService.swift */; };
		4D2C54C11BA3C1210007AFD5 /* NSCalendar+RSDFAdditions.m in Sources */ = {isa = PBXBuildFile; fileRef = 4D2C54A51BA3C1210007AFD5 /* NSCalendar+RSDFAdditions.m */; };
		4D2C54C21BA3C1210007AFD5 /* RSDFCustomDatePickerCollectionView.m in Sources */ = {isa = PBXBuildFile; fileRef = 4D2C54A81BA3C1210007AFD5 /* RSDFCustomDatePickerCollectionView.m */; };
		4D2C54C31BA3C1210007AFD5 /* RSDFCustomDatePickerCollectionViewLayout.m in Sources */ = {isa = PBXBuildFile; fileRef = 4D2C54AA1BA3C1210007AFD5 /* RSDFCustomDatePickerCollectionViewLayout.m */; };
		4D2C54C41BA3C1210007AFD5 /* RSDFCustomDatePickerDayCell.m in Sources */ = {isa = PBXBuildFile; fileRef = 4D2C54AC1BA3C1210007AFD5 /* RSDFCustomDatePickerDayCell.m */; };
		4D2C54C51BA3C1210007AFD5 /* RSDFCustomDatePickerDaysOfWeekView.m in Sources */ = {isa = PBXBuildFile; fileRef = 4D2C54AE1BA3C1210007AFD5 /* RSDFCustomDatePickerDaysOfWeekView.m */; };
		4D2C54C61BA3C1210007AFD5 /* RSDFCustomDatePickerMonthHeader.m in Sources */ = {isa = PBXBuildFile; fileRef = 4D2C54B01BA3C1210007AFD5 /* RSDFCustomDatePickerMonthHeader.m */; };
		4D2C54C71BA3C1210007AFD5 /* RSDFCustomDatePickerView.m in Sources */ = {isa = PBXBuildFile; fileRef = 4D2C54B21BA3C1210007AFD5 /* RSDFCustomDatePickerView.m */; };
		4D2C54C81BA3C1210007AFD5 /* RSDFDatePickerCollectionView.m in Sources */ = {isa = PBXBuildFile; fileRef = 4D2C54B41BA3C1210007AFD5 /* RSDFDatePickerCollectionView.m */; };
		4D2C54C91BA3C1210007AFD5 /* RSDFDatePickerCollectionViewLayout.m in Sources */ = {isa = PBXBuildFile; fileRef = 4D2C54B61BA3C1210007AFD5 /* RSDFDatePickerCollectionViewLayout.m */; };
		4D2C54CA1BA3C1210007AFD5 /* RSDFDatePickerDayCell.m in Sources */ = {isa = PBXBuildFile; fileRef = 4D2C54B81BA3C1210007AFD5 /* RSDFDatePickerDayCell.m */; };
		4D2C54CB1BA3C1210007AFD5 /* RSDFDatePickerDaysOfWeekView.m in Sources */ = {isa = PBXBuildFile; fileRef = 4D2C54BA1BA3C1210007AFD5 /* RSDFDatePickerDaysOfWeekView.m */; };
		4D2C54CC1BA3C1210007AFD5 /* RSDFDatePickerMonthHeader.m in Sources */ = {isa = PBXBuildFile; fileRef = 4D2C54BC1BA3C1210007AFD5 /* RSDFDatePickerMonthHeader.m */; };
		4D2C54CD1BA3C1210007AFD5 /* RSDFDatePickerView.m in Sources */ = {isa = PBXBuildFile; fileRef = 4D2C54BE1BA3C1210007AFD5 /* RSDFDatePickerView.m */; };
		4D2C54CE1BA3C1210007AFD5 /* RSDFDatePickerViewController.m in Sources */ = {isa = PBXBuildFile; fileRef = 4D2C54C01BA3C1210007AFD5 /* RSDFDatePickerViewController.m */; };
		4D2C54D41BA3D0DF0007AFD5 /* DatePickerViewController.swift in Sources */ = {isa = PBXBuildFile; fileRef = 4D2C54D21BA3D0DF0007AFD5 /* DatePickerViewController.swift */; };
		4D2C54D51BA3D0DF0007AFD5 /* DatePickerViewController.xib in Resources */ = {isa = PBXBuildFile; fileRef = 4D2C54D31BA3D0DF0007AFD5 /* DatePickerViewController.xib */; };
		4D2C54D81BA3D51A0007AFD5 /* AddScheduleTableViewController.swift in Sources */ = {isa = PBXBuildFile; fileRef = 4D2C54D61BA3D51A0007AFD5 /* AddScheduleTableViewController.swift */; };
		4D2C54D91BA3D51A0007AFD5 /* AddScheduleTableViewController.xib in Resources */ = {isa = PBXBuildFile; fileRef = 4D2C54D71BA3D51A0007AFD5 /* AddScheduleTableViewController.xib */; };
		4D2C54E01BA441960007AFD5 /* CGRectEx.swift in Sources */ = {isa = PBXBuildFile; fileRef = 4D2C54DB1BA441960007AFD5 /* CGRectEx.swift */; };
		4D2C54E11BA441960007AFD5 /* FadeTransition.swift in Sources */ = {isa = PBXBuildFile; fileRef = 4D2C54DC1BA441960007AFD5 /* FadeTransition.swift */; };
		4D2C54E21BA441960007AFD5 /* NSTimerEx.swift in Sources */ = {isa = PBXBuildFile; fileRef = 4D2C54DD1BA441960007AFD5 /* NSTimerEx.swift */; };
		4D2C54E31BA441960007AFD5 /* SpinerLayer.swift in Sources */ = {isa = PBXBuildFile; fileRef = 4D2C54DE1BA441960007AFD5 /* SpinerLayer.swift */; };
		4D2C54E41BA441960007AFD5 /* TransitionSubmitButton.swift in Sources */ = {isa = PBXBuildFile; fileRef = 4D2C54DF1BA441960007AFD5 /* TransitionSubmitButton.swift */; };
		4D2C55401BA4809D0007AFD5 /* MDRotatingPieChart.swift in Sources */ = {isa = PBXBuildFile; fileRef = 4D2C553F1BA4809D0007AFD5 /* MDRotatingPieChart.swift */; };
		4D2C55431BA4A88A0007AFD5 /* Chart.swift in Sources */ = {isa = PBXBuildFile; fileRef = 4D2C55421BA4A88A0007AFD5 /* Chart.swift */; };
		4D39E7C21B6EE0E800DC82DF /* KlockWirkTabBarController.swift in Sources */ = {isa = PBXBuildFile; fileRef = 4D39E7C11B6EE0E800DC82DF /* KlockWirkTabBarController.swift */; };
		4D49A7191B513B6A001FCF54 /* AppDelegate.swift in Sources */ = {isa = PBXBuildFile; fileRef = 4D49A7181B513B6A001FCF54 /* AppDelegate.swift */; };
		4D49A71E1B513B6A001FCF54 /* Main.storyboard in Resources */ = {isa = PBXBuildFile; fileRef = 4D49A71C1B513B6A001FCF54 /* Main.storyboard */; };
		4D49A7201B513B6A001FCF54 /* Images.xcassets in Resources */ = {isa = PBXBuildFile; fileRef = 4D49A71F1B513B6A001FCF54 /* Images.xcassets */; };
		4D49A7231B513B6A001FCF54 /* LaunchScreen.xib in Resources */ = {isa = PBXBuildFile; fileRef = 4D49A7211B513B6A001FCF54 /* LaunchScreen.xib */; };
		4D49A72F1B513B6A001FCF54 /* KlockWirkTests.swift in Sources */ = {isa = PBXBuildFile; fileRef = 4D49A72E1B513B6A001FCF54 /* KlockWirkTests.swift */; };
		4D49A73A1B51430D001FCF54 /* KlockWirkerServices.swift in Sources */ = {isa = PBXBuildFile; fileRef = 4D49A7391B51430D001FCF54 /* KlockWirkerServices.swift */; };
		4D79E6301B782A4B00A1F25D /* LoginViewController.swift in Sources */ = {isa = PBXBuildFile; fileRef = 4D79E62E1B782A4B00A1F25D /* LoginViewController.swift */; };
		4D79E6311B782A4B00A1F25D /* LoginViewController.xib in Resources */ = {isa = PBXBuildFile; fileRef = 4D79E62F1B782A4B00A1F25D /* LoginViewController.xib */; };
		4D79E63C1B7EC64900A1F25D /* KlockWirker.swift in Sources */ = {isa = PBXBuildFile; fileRef = 4D79E63B1B7EC64900A1F25D /* KlockWirker.swift */; };
		4D79E63E1B7EC65800A1F25D /* Merchant.swift in Sources */ = {isa = PBXBuildFile; fileRef = 4D79E63D1B7EC65800A1F25D /* Merchant.swift */; };
		4D79E6471B7F6A7D00A1F25D /* JSONUtilities.swift in Sources */ = {isa = PBXBuildFile; fileRef = 4D79E6461B7F6A7D00A1F25D /* JSONUtilities.swift */; };
		4D79E64D1B8008F900A1F25D /* ManageKlockWirkersViewController.swift in Sources */ = {isa = PBXBuildFile; fileRef = 4D79E64B1B8008F900A1F25D /* ManageKlockWirkersViewController.swift */; };
		4D79E64E1B8008F900A1F25D /* ManageKlockWirkersViewController.xib in Resources */ = {isa = PBXBuildFile; fileRef = 4D79E64C1B8008F900A1F25D /* ManageKlockWirkersViewController.xib */; };
		4DDA8D2E1B5147F10056800C /* AFHTTPClient.m in Sources */ = {isa = PBXBuildFile; fileRef = 4DDA8D1C1B5147F10056800C /* AFHTTPClient.m */; };
		4DDA8D2F1B5147F10056800C /* AFHTTPRequestOperation.m in Sources */ = {isa = PBXBuildFile; fileRef = 4DDA8D1E1B5147F10056800C /* AFHTTPRequestOperation.m */; };
		4DDA8D301B5147F10056800C /* AFImageRequestOperation.m in Sources */ = {isa = PBXBuildFile; fileRef = 4DDA8D201B5147F10056800C /* AFImageRequestOperation.m */; };
		4DDA8D311B5147F10056800C /* AFJSONRequestOperation.m in Sources */ = {isa = PBXBuildFile; fileRef = 4DDA8D221B5147F10056800C /* AFJSONRequestOperation.m */; };
		4DDA8D321B5147F10056800C /* AFNetworkActivityIndicatorManager.m in Sources */ = {isa = PBXBuildFile; fileRef = 4DDA8D241B5147F10056800C /* AFNetworkActivityIndicatorManager.m */; };
		4DDA8D331B5147F10056800C /* AFPropertyListRequestOperation.m in Sources */ = {isa = PBXBuildFile; fileRef = 4DDA8D271B5147F10056800C /* AFPropertyListRequestOperation.m */; };
		4DDA8D341B5147F10056800C /* AFURLConnectionOperation.m in Sources */ = {isa = PBXBuildFile; fileRef = 4DDA8D291B5147F10056800C /* AFURLConnectionOperation.m */; };
		4DDA8D351B5147F10056800C /* AFXMLRequestOperation.m in Sources */ = {isa = PBXBuildFile; fileRef = 4DDA8D2B1B5147F10056800C /* AFXMLRequestOperation.m */; };
		4DDA8D361B5147F10056800C /* UIImageView+AFNetworking.m in Sources */ = {isa = PBXBuildFile; fileRef = 4DDA8D2D1B5147F10056800C /* UIImageView+AFNetworking.m */; };
		4DDA8D391B514AC50056800C /* ApplicationInformation.swift in Sources */ = {isa = PBXBuildFile; fileRef = 4DDA8D381B514AC50056800C /* ApplicationInformation.swift */; };
		4DDA8D3E1B5150FE0056800C /* Constants.swift in Sources */ = {isa = PBXBuildFile; fileRef = 4DDA8D3D1B5150FE0056800C /* Constants.swift */; };
		4DE7548C1BA5AA8800D3FE29 /* SchedulesTableViewController.swift in Sources */ = {isa = PBXBuildFile; fileRef = 4DE7548A1BA5AA8800D3FE29 /* SchedulesTableViewController.swift */; };
		4DE7548D1BA5AA8800D3FE29 /* SchedulesTableViewController.xib in Resources */ = {isa = PBXBuildFile; fileRef = 4DE7548B1BA5AA8800D3FE29 /* SchedulesTableViewController.xib */; };
		4DE754901BA5ACDB00D3FE29 /* ScheduleDetailViewController.swift in Sources */ = {isa = PBXBuildFile; fileRef = 4DE7548E1BA5ACDB00D3FE29 /* ScheduleDetailViewController.swift */; };
		4DE754911BA5ACDB00D3FE29 /* ScheduleDetailViewController.xib in Resources */ = {isa = PBXBuildFile; fileRef = 4DE7548F1BA5ACDB00D3FE29 /* ScheduleDetailViewController.xib */; };
/* End PBXBuildFile section */

/* Begin PBXContainerItemProxy section */
		4D49A7291B513B6A001FCF54 /* PBXContainerItemProxy */ = {
			isa = PBXContainerItemProxy;
			containerPortal = 4D49A70B1B513B6A001FCF54 /* Project object */;
			proxyType = 1;
			remoteGlobalIDString = 4D49A7121B513B6A001FCF54;
			remoteInfo = KlockWirk;
		};
/* End PBXContainerItemProxy section */

/* Begin PBXFileReference section */
		4D2C544E1B87F59F0007AFD5 /* NotificationUtilities.swift */ = {isa = PBXFileReference; fileEncoding = 4; lastKnownFileType = sourcecode.swift; path = NotificationUtilities.swift; sourceTree = "<group>"; };
		4D2C54501B880EE40007AFD5 /* KlockWirkerDetailViewController.swift */ = {isa = PBXFileReference; fileEncoding = 4; lastKnownFileType = sourcecode.swift; path = KlockWirkerDetailViewController.swift; sourceTree = "<group>"; };
		4D2C54511B880EE40007AFD5 /* KlockWirkerDetailViewController.xib */ = {isa = PBXFileReference; fileEncoding = 4; lastKnownFileType = file.xib; path = KlockWirkerDetailViewController.xib; sourceTree = "<group>"; };
		4D2C54591B8A03130007AFD5 /* MBProgressHUD.h */ = {isa = PBXFileReference; fileEncoding = 4; lastKnownFileType = sourcecode.c.h; path = MBProgressHUD.h; sourceTree = "<group>"; };
		4D2C545A1B8A03130007AFD5 /* MBProgressHUD.m */ = {isa = PBXFileReference; fileEncoding = 4; lastKnownFileType = sourcecode.c.objc; path = MBProgressHUD.m; sourceTree = "<group>"; };
		4D2C545C1B8A6D9E0007AFD5 /* LoginService.swift */ = {isa = PBXFileReference; fileEncoding = 4; lastKnownFileType = sourcecode.swift; path = LoginService.swift; sourceTree = "<group>"; };
		4D2C545E1B8A70B10007AFD5 /* DictionaryExtenstions.swift */ = {isa = PBXFileReference; fileEncoding = 4; lastKnownFileType = sourcecode.swift; path = DictionaryExtenstions.swift; sourceTree = "<group>"; };
		4D2C54611B8A7A8F0007AFD5 /* SettingsViewController.swift */ = {isa = PBXFileReference; fileEncoding = 4; lastKnownFileType = sourcecode.swift; path = SettingsViewController.swift; sourceTree = "<group>"; };
		4D2C54621B8A7A8F0007AFD5 /* SettingsViewController.xib */ = {isa = PBXFileReference; fileEncoding = 4; lastKnownFileType = file.xib; path = SettingsViewController.xib; sourceTree = "<group>"; };
		4D2C54691B8A907B0007AFD5 /* MerchantTabBarController.swift */ = {isa = PBXFileReference; fileEncoding = 4; lastKnownFileType = sourcecode.swift; path = MerchantTabBarController.swift; sourceTree = "<group>"; };
		4D2C54741B952BD20007AFD5 /* EnrollmentViewCell.swift */ = {isa = PBXFileReference; fileEncoding = 4; lastKnownFileType = sourcecode.swift; path = EnrollmentViewCell.swift; sourceTree = "<group>"; };
		4D2C54751B952BD20007AFD5 /* EnrollmentViewCell.xib */ = {isa = PBXFileReference; fileEncoding = 4; lastKnownFileType = file.xib; path = EnrollmentViewCell.xib; sourceTree = "<group>"; };
		4D2C547A1B9536A60007AFD5 /* AccountSetupField.swift */ = {isa = PBXFileReference; fileEncoding = 4; lastKnownFileType = sourcecode.swift; path = AccountSetupField.swift; sourceTree = "<group>"; };
		4D2C547C1B97C7F20007AFD5 /* MerchantServices.swift */ = {isa = PBXFileReference; fileEncoding = 4; lastKnownFileType = sourcecode.swift; path = MerchantServices.swift; sourceTree = "<group>"; };
		4D2C547E1B97C8CE0007AFD5 /* BaseKlockWirkService.swift */ = {isa = PBXFileReference; fileEncoding = 4; lastKnownFileType = sourcecode.swift; path = BaseKlockWirkService.swift; sourceTree = "<group>"; };
		4D2C54801B9AA1580007AFD5 /* ImageUtilities.swift */ = {isa = PBXFileReference; fileEncoding = 4; lastKnownFileType = sourcecode.swift; path = ImageUtilities.swift; sourceTree = "<group>"; };
		4D2C54821B9C03000007AFD5 /* PosSalesService.swift */ = {isa = PBXFileReference; fileEncoding = 4; lastKnownFileType = sourcecode.swift; path = PosSalesService.swift; sourceTree = "<group>"; };
		4D2C54841B9DF0DB0007AFD5 /* KlockWirkerSetupViewController.swift */ = {isa = PBXFileReference; fileEncoding = 4; lastKnownFileType = sourcecode.swift; path = KlockWirkerSetupViewController.swift; sourceTree = "<group>"; };
		4D2C54851B9DF0DB0007AFD5 /* KlockWirkerSetupViewController.xib */ = {isa = PBXFileReference; fileEncoding = 4; lastKnownFileType = file.xib; path = KlockWirkerSetupViewController.xib; sourceTree = "<group>"; };
		4D2C54891B9E5B950007AFD5 /* HomeViewController.swift */ = {isa = PBXFileReference; fileEncoding = 4; lastKnownFileType = sourcecode.swift; path = HomeViewController.swift; sourceTree = "<group>"; };
		4D2C548A1B9E5B950007AFD5 /* HomeViewController.xib */ = {isa = PBXFileReference; fileEncoding = 4; lastKnownFileType = file.xib; path = HomeViewController.xib; sourceTree = "<group>"; };
		4D2C54911B9E68720007AFD5 /* KlockWirkerSelectionViewController.swift */ = {isa = PBXFileReference; fileEncoding = 4; lastKnownFileType = sourcecode.swift; path = KlockWirkerSelectionViewController.swift; sourceTree = "<group>"; };
		4D2C54921B9E68720007AFD5 /* KlockWirkerSelectionViewController.xib */ = {isa = PBXFileReference; fileEncoding = 4; lastKnownFileType = file.xib; path = KlockWirkerSelectionViewController.xib; sourceTree = "<group>"; };
		4D2C54951B9FB0510007AFD5 /* NewKlockWirkerViewController.swift */ = {isa = PBXFileReference; fileEncoding = 4; lastKnownFileType = sourcecode.swift; path = NewKlockWirkerViewController.swift; sourceTree = "<group>"; };
		4D2C54961B9FB0510007AFD5 /* NewKlockWirkerViewController.xib */ = {isa = PBXFileReference; fileEncoding = 4; lastKnownFileType = file.xib; path = NewKlockWirkerViewController.xib; sourceTree = "<group>"; };
		4D2C54991B9FBD0B0007AFD5 /* MerchantSetupViewController.swift */ = {isa = PBXFileReference; fileEncoding = 4; lastKnownFileType = sourcecode.swift; path = MerchantSetupViewController.swift; sourceTree = "<group>"; };
		4D2C549A1B9FBD0B0007AFD5 /* MerchantSetupViewController.xib */ = {isa = PBXFileReference; fileEncoding = 4; lastKnownFileType = file.xib; path = MerchantSetupViewController.xib; sourceTree = "<group>"; };
		4D2C549D1BA111190007AFD5 /* Schedule.swift */ = {isa = PBXFileReference; fileEncoding = 4; lastKnownFileType = sourcecode.swift; path = Schedule.swift; sourceTree = "<group>"; };
		4D2C549F1BA3ABC20007AFD5 /* ScheduleService.swift */ = {isa = PBXFileReference; fileEncoding = 4; lastKnownFileType = sourcecode.swift; path = ScheduleService.swift; sourceTree = "<group>"; };
		4D2C54A41BA3C1210007AFD5 /* NSCalendar+RSDFAdditions.h */ = {isa = PBXFileReference; fileEncoding = 4; lastKnownFileType = sourcecode.c.h; path = "NSCalendar+RSDFAdditions.h"; sourceTree = "<group>"; };
		4D2C54A51BA3C1210007AFD5 /* NSCalendar+RSDFAdditions.m */ = {isa = PBXFileReference; fileEncoding = 4; lastKnownFileType = sourcecode.c.objc; path = "NSCalendar+RSDFAdditions.m"; sourceTree = "<group>"; };
		4D2C54A61BA3C1210007AFD5 /* RSDayFlow.h */ = {isa = PBXFileReference; fileEncoding = 4; lastKnownFileType = sourcecode.c.h; path = RSDayFlow.h; sourceTree = "<group>"; };
		4D2C54A71BA3C1210007AFD5 /* RSDFCustomDatePickerCollectionView.h */ = {isa = PBXFileReference; fileEncoding = 4; lastKnownFileType = sourcecode.c.h; path = RSDFCustomDatePickerCollectionView.h; sourceTree = "<group>"; };
		4D2C54A81BA3C1210007AFD5 /* RSDFCustomDatePickerCollectionView.m */ = {isa = PBXFileReference; fileEncoding = 4; lastKnownFileType = sourcecode.c.objc; path = RSDFCustomDatePickerCollectionView.m; sourceTree = "<group>"; };
		4D2C54A91BA3C1210007AFD5 /* RSDFCustomDatePickerCollectionViewLayout.h */ = {isa = PBXFileReference; fileEncoding = 4; lastKnownFileType = sourcecode.c.h; path = RSDFCustomDatePickerCollectionViewLayout.h; sourceTree = "<group>"; };
		4D2C54AA1BA3C1210007AFD5 /* RSDFCustomDatePickerCollectionViewLayout.m */ = {isa = PBXFileReference; fileEncoding = 4; lastKnownFileType = sourcecode.c.objc; path = RSDFCustomDatePickerCollectionViewLayout.m; sourceTree = "<group>"; };
		4D2C54AB1BA3C1210007AFD5 /* RSDFCustomDatePickerDayCell.h */ = {isa = PBXFileReference; fileEncoding = 4; lastKnownFileType = sourcecode.c.h; path = RSDFCustomDatePickerDayCell.h; sourceTree = "<group>"; };
		4D2C54AC1BA3C1210007AFD5 /* RSDFCustomDatePickerDayCell.m */ = {isa = PBXFileReference; fileEncoding = 4; lastKnownFileType = sourcecode.c.objc; path = RSDFCustomDatePickerDayCell.m; sourceTree = "<group>"; };
		4D2C54AD1BA3C1210007AFD5 /* RSDFCustomDatePickerDaysOfWeekView.h */ = {isa = PBXFileReference; fileEncoding = 4; lastKnownFileType = sourcecode.c.h; path = RSDFCustomDatePickerDaysOfWeekView.h; sourceTree = "<group>"; };
		4D2C54AE1BA3C1210007AFD5 /* RSDFCustomDatePickerDaysOfWeekView.m */ = {isa = PBXFileReference; fileEncoding = 4; lastKnownFileType = sourcecode.c.objc; path = RSDFCustomDatePickerDaysOfWeekView.m; sourceTree = "<group>"; };
		4D2C54AF1BA3C1210007AFD5 /* RSDFCustomDatePickerMonthHeader.h */ = {isa = PBXFileReference; fileEncoding = 4; lastKnownFileType = sourcecode.c.h; path = RSDFCustomDatePickerMonthHeader.h; sourceTree = "<group>"; };
		4D2C54B01BA3C1210007AFD5 /* RSDFCustomDatePickerMonthHeader.m */ = {isa = PBXFileReference; fileEncoding = 4; lastKnownFileType = sourcecode.c.objc; path = RSDFCustomDatePickerMonthHeader.m; sourceTree = "<group>"; };
		4D2C54B11BA3C1210007AFD5 /* RSDFCustomDatePickerView.h */ = {isa = PBXFileReference; fileEncoding = 4; lastKnownFileType = sourcecode.c.h; path = RSDFCustomDatePickerView.h; sourceTree = "<group>"; };
		4D2C54B21BA3C1210007AFD5 /* RSDFCustomDatePickerView.m */ = {isa = PBXFileReference; fileEncoding = 4; lastKnownFileType = sourcecode.c.objc; path = RSDFCustomDatePickerView.m; sourceTree = "<group>"; };
		4D2C54B31BA3C1210007AFD5 /* RSDFDatePickerCollectionView.h */ = {isa = PBXFileReference; fileEncoding = 4; lastKnownFileType = sourcecode.c.h; path = RSDFDatePickerCollectionView.h; sourceTree = "<group>"; };
		4D2C54B41BA3C1210007AFD5 /* RSDFDatePickerCollectionView.m */ = {isa = PBXFileReference; fileEncoding = 4; lastKnownFileType = sourcecode.c.objc; path = RSDFDatePickerCollectionView.m; sourceTree = "<group>"; };
		4D2C54B51BA3C1210007AFD5 /* RSDFDatePickerCollectionViewLayout.h */ = {isa = PBXFileReference; fileEncoding = 4; lastKnownFileType = sourcecode.c.h; path = RSDFDatePickerCollectionViewLayout.h; sourceTree = "<group>"; };
		4D2C54B61BA3C1210007AFD5 /* RSDFDatePickerCollectionViewLayout.m */ = {isa = PBXFileReference; fileEncoding = 4; lastKnownFileType = sourcecode.c.objc; path = RSDFDatePickerCollectionViewLayout.m; sourceTree = "<group>"; };
		4D2C54B71BA3C1210007AFD5 /* RSDFDatePickerDayCell.h */ = {isa = PBXFileReference; fileEncoding = 4; lastKnownFileType = sourcecode.c.h; path = RSDFDatePickerDayCell.h; sourceTree = "<group>"; };
		4D2C54B81BA3C1210007AFD5 /* RSDFDatePickerDayCell.m */ = {isa = PBXFileReference; fileEncoding = 4; lastKnownFileType = sourcecode.c.objc; path = RSDFDatePickerDayCell.m; sourceTree = "<group>"; };
		4D2C54B91BA3C1210007AFD5 /* RSDFDatePickerDaysOfWeekView.h */ = {isa = PBXFileReference; fileEncoding = 4; lastKnownFileType = sourcecode.c.h; path = RSDFDatePickerDaysOfWeekView.h; sourceTree = "<group>"; };
		4D2C54BA1BA3C1210007AFD5 /* RSDFDatePickerDaysOfWeekView.m */ = {isa = PBXFileReference; fileEncoding = 4; lastKnownFileType = sourcecode.c.objc; path = RSDFDatePickerDaysOfWeekView.m; sourceTree = "<group>"; };
		4D2C54BB1BA3C1210007AFD5 /* RSDFDatePickerMonthHeader.h */ = {isa = PBXFileReference; fileEncoding = 4; lastKnownFileType = sourcecode.c.h; path = RSDFDatePickerMonthHeader.h; sourceTree = "<group>"; };
		4D2C54BC1BA3C1210007AFD5 /* RSDFDatePickerMonthHeader.m */ = {isa = PBXFileReference; fileEncoding = 4; lastKnownFileType = sourcecode.c.objc; path = RSDFDatePickerMonthHeader.m; sourceTree = "<group>"; };
		4D2C54BD1BA3C1210007AFD5 /* RSDFDatePickerView.h */ = {isa = PBXFileReference; fileEncoding = 4; lastKnownFileType = sourcecode.c.h; path = RSDFDatePickerView.h; sourceTree = "<group>"; };
		4D2C54BE1BA3C1210007AFD5 /* RSDFDatePickerView.m */ = {isa = PBXFileReference; fileEncoding = 4; lastKnownFileType = sourcecode.c.objc; path = RSDFDatePickerView.m; sourceTree = "<group>"; };
		4D2C54BF1BA3C1210007AFD5 /* RSDFDatePickerViewController.h */ = {isa = PBXFileReference; fileEncoding = 4; lastKnownFileType = sourcecode.c.h; path = RSDFDatePickerViewController.h; sourceTree = "<group>"; };
		4D2C54C01BA3C1210007AFD5 /* RSDFDatePickerViewController.m */ = {isa = PBXFileReference; fileEncoding = 4; lastKnownFileType = sourcecode.c.objc; path = RSDFDatePickerViewController.m; sourceTree = "<group>"; };
		4D2C54D21BA3D0DF0007AFD5 /* DatePickerViewController.swift */ = {isa = PBXFileReference; fileEncoding = 4; lastKnownFileType = sourcecode.swift; path = DatePickerViewController.swift; sourceTree = "<group>"; };
		4D2C54D31BA3D0DF0007AFD5 /* DatePickerViewController.xib */ = {isa = PBXFileReference; fileEncoding = 4; lastKnownFileType = file.xib; path = DatePickerViewController.xib; sourceTree = "<group>"; };
		4D2C54D61BA3D51A0007AFD5 /* AddScheduleTableViewController.swift */ = {isa = PBXFileReference; fileEncoding = 4; lastKnownFileType = sourcecode.swift; path = AddScheduleTableViewController.swift; sourceTree = "<group>"; };
		4D2C54D71BA3D51A0007AFD5 /* AddScheduleTableViewController.xib */ = {isa = PBXFileReference; fileEncoding = 4; lastKnownFileType = file.xib; path = AddScheduleTableViewController.xib; sourceTree = "<group>"; };
		4D2C54DB1BA441960007AFD5 /* CGRectEx.swift */ = {isa = PBXFileReference; fileEncoding = 4; lastKnownFileType = sourcecode.swift; path = CGRectEx.swift; sourceTree = "<group>"; };
		4D2C54DC1BA441960007AFD5 /* FadeTransition.swift */ = {isa = PBXFileReference; fileEncoding = 4; lastKnownFileType = sourcecode.swift; path = FadeTransition.swift; sourceTree = "<group>"; };
		4D2C54DD1BA441960007AFD5 /* NSTimerEx.swift */ = {isa = PBXFileReference; fileEncoding = 4; lastKnownFileType = sourcecode.swift; path = NSTimerEx.swift; sourceTree = "<group>"; };
		4D2C54DE1BA441960007AFD5 /* SpinerLayer.swift */ = {isa = PBXFileReference; fileEncoding = 4; lastKnownFileType = sourcecode.swift; path = SpinerLayer.swift; sourceTree = "<group>"; };
		4D2C54DF1BA441960007AFD5 /* TransitionSubmitButton.swift */ = {isa = PBXFileReference; fileEncoding = 4; lastKnownFileType = sourcecode.swift; path = TransitionSubmitButton.swift; sourceTree = "<group>"; };
		4D2C553F1BA4809D0007AFD5 /* MDRotatingPieChart.swift */ = {isa = PBXFileReference; fileEncoding = 4; lastKnownFileType = sourcecode.swift; path = MDRotatingPieChart.swift; sourceTree = "<group>"; };
		4D2C55421BA4A88A0007AFD5 /* Chart.swift */ = {isa = PBXFileReference; fileEncoding = 4; lastKnownFileType = sourcecode.swift; path = Chart.swift; sourceTree = "<group>"; };
		4D39E7C11B6EE0E800DC82DF /* KlockWirkTabBarController.swift */ = {isa = PBXFileReference; fileEncoding = 4; lastKnownFileType = sourcecode.swift; path = KlockWirkTabBarController.swift; sourceTree = "<group>"; };
		4D49A7131B513B6A001FCF54 /* KlockWirk.app */ = {isa = PBXFileReference; explicitFileType = wrapper.application; includeInIndex = 0; path = KlockWirk.app; sourceTree = BUILT_PRODUCTS_DIR; };
		4D49A7171B513B6A001FCF54 /* Info.plist */ = {isa = PBXFileReference; lastKnownFileType = text.plist.xml; path = Info.plist; sourceTree = "<group>"; };
		4D49A7181B513B6A001FCF54 /* AppDelegate.swift */ = {isa = PBXFileReference; lastKnownFileType = sourcecode.swift; path = AppDelegate.swift; sourceTree = "<group>"; };
		4D49A71D1B513B6A001FCF54 /* Base */ = {isa = PBXFileReference; lastKnownFileType = file.storyboard; name = Base; path = Base.lproj/Main.storyboard; sourceTree = "<group>"; };
		4D49A71F1B513B6A001FCF54 /* Images.xcassets */ = {isa = PBXFileReference; lastKnownFileType = folder.assetcatalog; path = Images.xcassets; sourceTree = "<group>"; };
		4D49A7221B513B6A001FCF54 /* Base */ = {isa = PBXFileReference; lastKnownFileType = file.xib; name = Base; path = Base.lproj/LaunchScreen.xib; sourceTree = "<group>"; };
		4D49A7281B513B6A001FCF54 /* KlockWirkTests.xctest */ = {isa = PBXFileReference; explicitFileType = wrapper.cfbundle; includeInIndex = 0; path = KlockWirkTests.xctest; sourceTree = BUILT_PRODUCTS_DIR; };
		4D49A72D1B513B6A001FCF54 /* Info.plist */ = {isa = PBXFileReference; lastKnownFileType = text.plist.xml; path = Info.plist; sourceTree = "<group>"; };
		4D49A72E1B513B6A001FCF54 /* KlockWirkTests.swift */ = {isa = PBXFileReference; lastKnownFileType = sourcecode.swift; path = KlockWirkTests.swift; sourceTree = "<group>"; };
		4D49A7391B51430D001FCF54 /* KlockWirkerServices.swift */ = {isa = PBXFileReference; fileEncoding = 4; lastKnownFileType = sourcecode.swift; path = KlockWirkerServices.swift; sourceTree = "<group>"; };
		4D79E62E1B782A4B00A1F25D /* LoginViewController.swift */ = {isa = PBXFileReference; fileEncoding = 4; lastKnownFileType = sourcecode.swift; path = LoginViewController.swift; sourceTree = "<group>"; };
		4D79E62F1B782A4B00A1F25D /* LoginViewController.xib */ = {isa = PBXFileReference; fileEncoding = 4; lastKnownFileType = file.xib; path = LoginViewController.xib; sourceTree = "<group>"; };
		4D79E63B1B7EC64900A1F25D /* KlockWirker.swift */ = {isa = PBXFileReference; fileEncoding = 4; lastKnownFileType = sourcecode.swift; path = KlockWirker.swift; sourceTree = "<group>"; };
		4D79E63D1B7EC65800A1F25D /* Merchant.swift */ = {isa = PBXFileReference; fileEncoding = 4; lastKnownFileType = sourcecode.swift; path = Merchant.swift; sourceTree = "<group>"; };
		4D79E6461B7F6A7D00A1F25D /* JSONUtilities.swift */ = {isa = PBXFileReference; fileEncoding = 4; lastKnownFileType = sourcecode.swift; path = JSONUtilities.swift; sourceTree = "<group>"; };
		4D79E64B1B8008F900A1F25D /* ManageKlockWirkersViewController.swift */ = {isa = PBXFileReference; fileEncoding = 4; lastKnownFileType = sourcecode.swift; path = ManageKlockWirkersViewController.swift; sourceTree = "<group>"; };
		4D79E64C1B8008F900A1F25D /* ManageKlockWirkersViewController.xib */ = {isa = PBXFileReference; fileEncoding = 4; lastKnownFileType = file.xib; path = ManageKlockWirkersViewController.xib; sourceTree = "<group>"; };
		4DDA8D181B5147760056800C /* bridge.h */ = {isa = PBXFileReference; fileEncoding = 4; lastKnownFileType = sourcecode.c.h; path = bridge.h; sourceTree = "<group>"; };
		4DDA8D1B1B5147F10056800C /* AFHTTPClient.h */ = {isa = PBXFileReference; fileEncoding = 4; lastKnownFileType = sourcecode.c.h; path = AFHTTPClient.h; sourceTree = "<group>"; };
		4DDA8D1C1B5147F10056800C /* AFHTTPClient.m */ = {isa = PBXFileReference; fileEncoding = 4; lastKnownFileType = sourcecode.c.objc; path = AFHTTPClient.m; sourceTree = "<group>"; };
		4DDA8D1D1B5147F10056800C /* AFHTTPRequestOperation.h */ = {isa = PBXFileReference; fileEncoding = 4; lastKnownFileType = sourcecode.c.h; path = AFHTTPRequestOperation.h; sourceTree = "<group>"; };
		4DDA8D1E1B5147F10056800C /* AFHTTPRequestOperation.m */ = {isa = PBXFileReference; fileEncoding = 4; lastKnownFileType = sourcecode.c.objc; path = AFHTTPRequestOperation.m; sourceTree = "<group>"; };
		4DDA8D1F1B5147F10056800C /* AFImageRequestOperation.h */ = {isa = PBXFileReference; fileEncoding = 4; lastKnownFileType = sourcecode.c.h; path = AFImageRequestOperation.h; sourceTree = "<group>"; };
		4DDA8D201B5147F10056800C /* AFImageRequestOperation.m */ = {isa = PBXFileReference; fileEncoding = 4; lastKnownFileType = sourcecode.c.objc; path = AFImageRequestOperation.m; sourceTree = "<group>"; };
		4DDA8D211B5147F10056800C /* AFJSONRequestOperation.h */ = {isa = PBXFileReference; fileEncoding = 4; lastKnownFileType = sourcecode.c.h; path = AFJSONRequestOperation.h; sourceTree = "<group>"; };
		4DDA8D221B5147F10056800C /* AFJSONRequestOperation.m */ = {isa = PBXFileReference; fileEncoding = 4; lastKnownFileType = sourcecode.c.objc; path = AFJSONRequestOperation.m; sourceTree = "<group>"; };
		4DDA8D231B5147F10056800C /* AFNetworkActivityIndicatorManager.h */ = {isa = PBXFileReference; fileEncoding = 4; lastKnownFileType = sourcecode.c.h; path = AFNetworkActivityIndicatorManager.h; sourceTree = "<group>"; };
		4DDA8D241B5147F10056800C /* AFNetworkActivityIndicatorManager.m */ = {isa = PBXFileReference; fileEncoding = 4; lastKnownFileType = sourcecode.c.objc; path = AFNetworkActivityIndicatorManager.m; sourceTree = "<group>"; };
		4DDA8D251B5147F10056800C /* AFNetworking.h */ = {isa = PBXFileReference; fileEncoding = 4; lastKnownFileType = sourcecode.c.h; path = AFNetworking.h; sourceTree = "<group>"; };
		4DDA8D261B5147F10056800C /* AFPropertyListRequestOperation.h */ = {isa = PBXFileReference; fileEncoding = 4; lastKnownFileType = sourcecode.c.h; path = AFPropertyListRequestOperation.h; sourceTree = "<group>"; };
		4DDA8D271B5147F10056800C /* AFPropertyListRequestOperation.m */ = {isa = PBXFileReference; fileEncoding = 4; lastKnownFileType = sourcecode.c.objc; path = AFPropertyListRequestOperation.m; sourceTree = "<group>"; };
		4DDA8D281B5147F10056800C /* AFURLConnectionOperation.h */ = {isa = PBXFileReference; fileEncoding = 4; lastKnownFileType = sourcecode.c.h; path = AFURLConnectionOperation.h; sourceTree = "<group>"; };
		4DDA8D291B5147F10056800C /* AFURLConnectionOperation.m */ = {isa = PBXFileReference; fileEncoding = 4; lastKnownFileType = sourcecode.c.objc; path = AFURLConnectionOperation.m; sourceTree = "<group>"; };
		4DDA8D2A1B5147F10056800C /* AFXMLRequestOperation.h */ = {isa = PBXFileReference; fileEncoding = 4; lastKnownFileType = sourcecode.c.h; path = AFXMLRequestOperation.h; sourceTree = "<group>"; };
		4DDA8D2B1B5147F10056800C /* AFXMLRequestOperation.m */ = {isa = PBXFileReference; fileEncoding = 4; lastKnownFileType = sourcecode.c.objc; path = AFXMLRequestOperation.m; sourceTree = "<group>"; };
		4DDA8D2C1B5147F10056800C /* UIImageView+AFNetworking.h */ = {isa = PBXFileReference; fileEncoding = 4; lastKnownFileType = sourcecode.c.h; path = "UIImageView+AFNetworking.h"; sourceTree = "<group>"; };
		4DDA8D2D1B5147F10056800C /* UIImageView+AFNetworking.m */ = {isa = PBXFileReference; fileEncoding = 4; lastKnownFileType = sourcecode.c.objc; path = "UIImageView+AFNetworking.m"; sourceTree = "<group>"; };
		4DDA8D381B514AC50056800C /* ApplicationInformation.swift */ = {isa = PBXFileReference; fileEncoding = 4; lastKnownFileType = sourcecode.swift; path = ApplicationInformation.swift; sourceTree = "<group>"; };
		4DDA8D3D1B5150FE0056800C /* Constants.swift */ = {isa = PBXFileReference; fileEncoding = 4; lastKnownFileType = sourcecode.swift; path = Constants.swift; sourceTree = "<group>"; };
		4DE7548A1BA5AA8800D3FE29 /* SchedulesTableViewController.swift */ = {isa = PBXFileReference; fileEncoding = 4; lastKnownFileType = sourcecode.swift; path = SchedulesTableViewController.swift; sourceTree = "<group>"; };
		4DE7548B1BA5AA8800D3FE29 /* SchedulesTableViewController.xib */ = {isa = PBXFileReference; fileEncoding = 4; lastKnownFileType = file.xib; path = SchedulesTableViewController.xib; sourceTree = "<group>"; };
		4DE7548E1BA5ACDB00D3FE29 /* ScheduleDetailViewController.swift */ = {isa = PBXFileReference; fileEncoding = 4; lastKnownFileType = sourcecode.swift; path = ScheduleDetailViewController.swift; sourceTree = "<group>"; };
		4DE7548F1BA5ACDB00D3FE29 /* ScheduleDetailViewController.xib */ = {isa = PBXFileReference; fileEncoding = 4; lastKnownFileType = file.xib; path = ScheduleDetailViewController.xib; sourceTree = "<group>"; };
/* End PBXFileReference section */

/* Begin PBXFrameworksBuildPhase section */
		4D49A7101B513B6A001FCF54 /* Frameworks */ = {
			isa = PBXFrameworksBuildPhase;
			buildActionMask = 2147483647;
			files = (
			);
			runOnlyForDeploymentPostprocessing = 0;
		};
		4D49A7251B513B6A001FCF54 /* Frameworks */ = {
			isa = PBXFrameworksBuildPhase;
			buildActionMask = 2147483647;
			files = (
			);
			runOnlyForDeploymentPostprocessing = 0;
		};
/* End PBXFrameworksBuildPhase section */

/* Begin PBXGroup section */
		4D2C54581B8A03130007AFD5 /* MBProgress */ = {
			isa = PBXGroup;
			children = (
				4D2C54591B8A03130007AFD5 /* MBProgressHUD.h */,
				4D2C545A1B8A03130007AFD5 /* MBProgressHUD.m */,
			);
			path = MBProgress;
			sourceTree = "<group>";
		};
		4D2C54601B8A7A7A0007AFD5 /* Settings */ = {
			isa = PBXGroup;
			children = (
				4D2C54611B8A7A8F0007AFD5 /* SettingsViewController.swift */,
				4D2C54621B8A7A8F0007AFD5 /* SettingsViewController.xib */,
			);
			path = Settings;
			sourceTree = "<group>";
		};
		4D2C54731B952BAD0007AFD5 /* CustomComponents */ = {
			isa = PBXGroup;
			children = (
				4D2C54741B952BD20007AFD5 /* EnrollmentViewCell.swift */,
				4D2C54751B952BD20007AFD5 /* EnrollmentViewCell.xib */,
			);
			path = CustomComponents;
			sourceTree = "<group>";
		};
		4D2C54881B9E5B830007AFD5 /* Home */ = {
			isa = PBXGroup;
			children = (
				4D2C54891B9E5B950007AFD5 /* HomeViewController.swift */,
				4D2C548A1B9E5B950007AFD5 /* HomeViewController.xib */,
			);
			path = Home;
			sourceTree = "<group>";
		};
		4D2C54A31BA3C1210007AFD5 /* RSDayFlow */ = {
			isa = PBXGroup;
			children = (
				4D2C54A41BA3C1210007AFD5 /* NSCalendar+RSDFAdditions.h */,
				4D2C54A51BA3C1210007AFD5 /* NSCalendar+RSDFAdditions.m */,
				4D2C54A61BA3C1210007AFD5 /* RSDayFlow.h */,
				4D2C54A71BA3C1210007AFD5 /* RSDFCustomDatePickerCollectionView.h */,
				4D2C54A81BA3C1210007AFD5 /* RSDFCustomDatePickerCollectionView.m */,
				4D2C54A91BA3C1210007AFD5 /* RSDFCustomDatePickerCollectionViewLayout.h */,
				4D2C54AA1BA3C1210007AFD5 /* RSDFCustomDatePickerCollectionViewLayout.m */,
				4D2C54AB1BA3C1210007AFD5 /* RSDFCustomDatePickerDayCell.h */,
				4D2C54AC1BA3C1210007AFD5 /* RSDFCustomDatePickerDayCell.m */,
				4D2C54AD1BA3C1210007AFD5 /* RSDFCustomDatePickerDaysOfWeekView.h */,
				4D2C54AE1BA3C1210007AFD5 /* RSDFCustomDatePickerDaysOfWeekView.m */,
				4D2C54AF1BA3C1210007AFD5 /* RSDFCustomDatePickerMonthHeader.h */,
				4D2C54B01BA3C1210007AFD5 /* RSDFCustomDatePickerMonthHeader.m */,
				4D2C54B11BA3C1210007AFD5 /* RSDFCustomDatePickerView.h */,
				4D2C54B21BA3C1210007AFD5 /* RSDFCustomDatePickerView.m */,
				4D2C54B31BA3C1210007AFD5 /* RSDFDatePickerCollectionView.h */,
				4D2C54B41BA3C1210007AFD5 /* RSDFDatePickerCollectionView.m */,
				4D2C54B51BA3C1210007AFD5 /* RSDFDatePickerCollectionViewLayout.h */,
				4D2C54B61BA3C1210007AFD5 /* RSDFDatePickerCollectionViewLayout.m */,
				4D2C54B71BA3C1210007AFD5 /* RSDFDatePickerDayCell.h */,
				4D2C54B81BA3C1210007AFD5 /* RSDFDatePickerDayCell.m */,
				4D2C54B91BA3C1210007AFD5 /* RSDFDatePickerDaysOfWeekView.h */,
				4D2C54BA1BA3C1210007AFD5 /* RSDFDatePickerDaysOfWeekView.m */,
				4D2C54BB1BA3C1210007AFD5 /* RSDFDatePickerMonthHeader.h */,
				4D2C54BC1BA3C1210007AFD5 /* RSDFDatePickerMonthHeader.m */,
				4D2C54BD1BA3C1210007AFD5 /* RSDFDatePickerView.h */,
				4D2C54BE1BA3C1210007AFD5 /* RSDFDatePickerView.m */,
				4D2C54BF1BA3C1210007AFD5 /* RSDFDatePickerViewController.h */,
				4D2C54C01BA3C1210007AFD5 /* RSDFDatePickerViewController.m */,
			);
			path = RSDayFlow;
			sourceTree = "<group>";
		};
		4D2C54CF1BA3C48C0007AFD5 /* Common */ = {
			isa = PBXGroup;
			children = (
				4D2C55411BA4A8770007AFD5 /* Chart */,
				4D2C54D21BA3D0DF0007AFD5 /* DatePickerViewController.swift */,
				4D2C54D31BA3D0DF0007AFD5 /* DatePickerViewController.xib */,
			);
			path = Common;
			sourceTree = "<group>";
		};
		4D2C54DA1BA441960007AFD5 /* TKSubmitTransition */ = {
			isa = PBXGroup;
			children = (
				4D2C54DB1BA441960007AFD5 /* CGRectEx.swift */,
				4D2C54DC1BA441960007AFD5 /* FadeTransition.swift */,
				4D2C54DD1BA441960007AFD5 /* NSTimerEx.swift */,
				4D2C54DE1BA441960007AFD5 /* SpinerLayer.swift */,
				4D2C54DF1BA441960007AFD5 /* TransitionSubmitButton.swift */,
			);
			path = TKSubmitTransition;
			sourceTree = "<group>";
		};
		4D2C553E1BA4809D0007AFD5 /* MDRotatingPieChart */ = {
			isa = PBXGroup;
			children = (
				4D2C553F1BA4809D0007AFD5 /* MDRotatingPieChart.swift */,
			);
			path = MDRotatingPieChart;
			sourceTree = "<group>";
		};
		4D2C55411BA4A8770007AFD5 /* Chart */ = {
			isa = PBXGroup;
			children = (
				4D2C55421BA4A88A0007AFD5 /* Chart.swift */,
			);
			path = Chart;
			sourceTree = "<group>";
		};
		4D39E7BA1B6EE06300DC82DF /* ViewControllers */ = {
			isa = PBXGroup;
			children = (
				4D2C54691B8A907B0007AFD5 /* MerchantTabBarController.swift */,
				4D39E7C11B6EE0E800DC82DF /* KlockWirkTabBarController.swift */,
				4D2C54881B9E5B830007AFD5 /* Home */,
				4D2C54601B8A7A7A0007AFD5 /* Settings */,
				4D79E64A1B8008DC00A1F25D /* ManageKlockWirkers */,
				4D79E6321B7EBA2100A1F25D /* AccountSetup */,
				4D79E62D1B782A3900A1F25D /* Login */,
				4D39E7C71B6EE22400DC82DF /* Schedule */,
			);
			path = ViewControllers;
			sourceTree = "<group>";
		};
		4D39E7C71B6EE22400DC82DF /* Schedule */ = {
			isa = PBXGroup;
			children = (
				4D2C54911B9E68720007AFD5 /* KlockWirkerSelectionViewController.swift */,
				4D2C54921B9E68720007AFD5 /* KlockWirkerSelectionViewController.xib */,
				4D2C54D61BA3D51A0007AFD5 /* AddScheduleTableViewController.swift */,
				4D2C54D71BA3D51A0007AFD5 /* AddScheduleTableViewController.xib */,
				4DE7548A1BA5AA8800D3FE29 /* SchedulesTableViewController.swift */,
				4DE7548B1BA5AA8800D3FE29 /* SchedulesTableViewController.xib */,
				4DE7548E1BA5ACDB00D3FE29 /* ScheduleDetailViewController.swift */,
				4DE7548F1BA5ACDB00D3FE29 /* ScheduleDetailViewController.xib */,
			);
			path = Schedule;
			sourceTree = "<group>";
		};
		4D49A70A1B513B6A001FCF54 = {
			isa = PBXGroup;
			children = (
				4DDA8D181B5147760056800C /* bridge.h */,
				4D49A7151B513B6A001FCF54 /* KlockWirk */,
				4D49A72B1B513B6A001FCF54 /* KlockWirkTests */,
				4D49A7141B513B6A001FCF54 /* Products */,
			);
			sourceTree = "<group>";
		};
		4D49A7141B513B6A001FCF54 /* Products */ = {
			isa = PBXGroup;
			children = (
				4D49A7131B513B6A001FCF54 /* KlockWirk.app */,
				4D49A7281B513B6A001FCF54 /* KlockWirkTests.xctest */,
			);
			name = Products;
			sourceTree = "<group>";
		};
		4D49A7151B513B6A001FCF54 /* KlockWirk */ = {
			isa = PBXGroup;
			children = (
				4D49A7181B513B6A001FCF54 /* AppDelegate.swift */,
				4D49A71C1B513B6A001FCF54 /* Main.storyboard */,
				4D49A7211B513B6A001FCF54 /* LaunchScreen.xib */,
				4D49A71F1B513B6A001FCF54 /* Images.xcassets */,
				4D39E7BA1B6EE06300DC82DF /* ViewControllers */,
				4DDA8D3C1B5150F00056800C /* Models */,
				4D2C54CF1BA3C48C0007AFD5 /* Common */,
				4DDA8D371B514AB00056800C /* Utilities */,
				4D49A7381B5142BB001FCF54 /* Services */,
				4DDA8D191B5147F10056800C /* Frameworks */,
				4D2C54731B952BAD0007AFD5 /* CustomComponents */,
				4D49A7161B513B6A001FCF54 /* Supporting Files */,
			);
			path = KlockWirk;
			sourceTree = "<group>";
		};
		4D49A7161B513B6A001FCF54 /* Supporting Files */ = {
			isa = PBXGroup;
			children = (
				4D49A7171B513B6A001FCF54 /* Info.plist */,
			);
			name = "Supporting Files";
			sourceTree = "<group>";
		};
		4D49A72B1B513B6A001FCF54 /* KlockWirkTests */ = {
			isa = PBXGroup;
			children = (
				4D49A72E1B513B6A001FCF54 /* KlockWirkTests.swift */,
				4D49A72C1B513B6A001FCF54 /* Supporting Files */,
			);
			path = KlockWirkTests;
			sourceTree = "<group>";
		};
		4D49A72C1B513B6A001FCF54 /* Supporting Files */ = {
			isa = PBXGroup;
			children = (
				4D49A72D1B513B6A001FCF54 /* Info.plist */,
			);
			name = "Supporting Files";
			sourceTree = "<group>";
		};
		4D49A7381B5142BB001FCF54 /* Services */ = {
			isa = PBXGroup;
			children = (
				4D2C547E1B97C8CE0007AFD5 /* BaseKlockWirkService.swift */,
				4D2C545C1B8A6D9E0007AFD5 /* LoginService.swift */,
				4D49A7391B51430D001FCF54 /* KlockWirkerServices.swift */,
				4D2C547C1B97C7F20007AFD5 /* MerchantServices.swift */,
				4D2C54821B9C03000007AFD5 /* PosSalesService.swift */,
				4D2C549F1BA3ABC20007AFD5 /* ScheduleService.swift */,
			);
			path = Services;
			sourceTree = "<group>";
		};
		4D79E62D1B782A3900A1F25D /* Login */ = {
			isa = PBXGroup;
			children = (
				4D79E62E1B782A4B00A1F25D /* LoginViewController.swift */,
				4D79E62F1B782A4B00A1F25D /* LoginViewController.xib */,
			);
			path = Login;
			sourceTree = "<group>";
		};
		4D79E6321B7EBA2100A1F25D /* AccountSetup */ = {
			isa = PBXGroup;
			children = (
				4D2C54841B9DF0DB0007AFD5 /* KlockWirkerSetupViewController.swift */,
				4D2C54851B9DF0DB0007AFD5 /* KlockWirkerSetupViewController.xib */,
				4D2C54991B9FBD0B0007AFD5 /* MerchantSetupViewController.swift */,
				4D2C549A1B9FBD0B0007AFD5 /* MerchantSetupViewController.xib */,
			);
			path = AccountSetup;
			sourceTree = "<group>";
		};
		4D79E64A1B8008DC00A1F25D /* ManageKlockWirkers */ = {
			isa = PBXGroup;
			children = (
				4D79E64B1B8008F900A1F25D /* ManageKlockWirkersViewController.swift */,
				4D79E64C1B8008F900A1F25D /* ManageKlockWirkersViewController.xib */,
				4D2C54501B880EE40007AFD5 /* KlockWirkerDetailViewController.swift */,
				4D2C54511B880EE40007AFD5 /* KlockWirkerDetailViewController.xib */,
				4D2C54951B9FB0510007AFD5 /* NewKlockWirkerViewController.swift */,
				4D2C54961B9FB0510007AFD5 /* NewKlockWirkerViewController.xib */,
			);
			path = ManageKlockWirkers;
			sourceTree = "<group>";
		};
		4DDA8D191B5147F10056800C /* Frameworks */ = {
			isa = PBXGroup;
			children = (
				4D2C553E1BA4809D0007AFD5 /* MDRotatingPieChart */,
				4D2C54DA1BA441960007AFD5 /* TKSubmitTransition */,
				4D2C54A31BA3C1210007AFD5 /* RSDayFlow */,
				4D2C54581B8A03130007AFD5 /* MBProgress */,
				4DDA8D1A1B5147F10056800C /* AFNetworking */,
			);
			path = Frameworks;
			sourceTree = "<group>";
		};
		4DDA8D1A1B5147F10056800C /* AFNetworking */ = {
			isa = PBXGroup;
			children = (
				4DDA8D1B1B5147F10056800C /* AFHTTPClient.h */,
				4DDA8D1C1B5147F10056800C /* AFHTTPClient.m */,
				4DDA8D1D1B5147F10056800C /* AFHTTPRequestOperation.h */,
				4DDA8D1E1B5147F10056800C /* AFHTTPRequestOperation.m */,
				4DDA8D1F1B5147F10056800C /* AFImageRequestOperation.h */,
				4DDA8D201B5147F10056800C /* AFImageRequestOperation.m */,
				4DDA8D211B5147F10056800C /* AFJSONRequestOperation.h */,
				4DDA8D221B5147F10056800C /* AFJSONRequestOperation.m */,
				4DDA8D231B5147F10056800C /* AFNetworkActivityIndicatorManager.h */,
				4DDA8D241B5147F10056800C /* AFNetworkActivityIndicatorManager.m */,
				4DDA8D251B5147F10056800C /* AFNetworking.h */,
				4DDA8D261B5147F10056800C /* AFPropertyListRequestOperation.h */,
				4DDA8D271B5147F10056800C /* AFPropertyListRequestOperation.m */,
				4DDA8D281B5147F10056800C /* AFURLConnectionOperation.h */,
				4DDA8D291B5147F10056800C /* AFURLConnectionOperation.m */,
				4DDA8D2A1B5147F10056800C /* AFXMLRequestOperation.h */,
				4DDA8D2B1B5147F10056800C /* AFXMLRequestOperation.m */,
				4DDA8D2C1B5147F10056800C /* UIImageView+AFNetworking.h */,
				4DDA8D2D1B5147F10056800C /* UIImageView+AFNetworking.m */,
			);
			path = AFNetworking;
			sourceTree = "<group>";
		};
		4DDA8D371B514AB00056800C /* Utilities */ = {
			isa = PBXGroup;
			children = (
				4D2C544E1B87F59F0007AFD5 /* NotificationUtilities.swift */,
				4DDA8D381B514AC50056800C /* ApplicationInformation.swift */,
				4D79E6461B7F6A7D00A1F25D /* JSONUtilities.swift */,
				4D2C545E1B8A70B10007AFD5 /* DictionaryExtenstions.swift */,
				4D2C54801B9AA1580007AFD5 /* ImageUtilities.swift */,
			);
			path = Utilities;
			sourceTree = "<group>";
		};
		4DDA8D3C1B5150F00056800C /* Models */ = {
			isa = PBXGroup;
			children = (
				4DDA8D3D1B5150FE0056800C /* Constants.swift */,
				4D79E63D1B7EC65800A1F25D /* Merchant.swift */,
				4D2C549D1BA111190007AFD5 /* Schedule.swift */,
				4D79E63B1B7EC64900A1F25D /* KlockWirker.swift */,
				4D2C547A1B9536A60007AFD5 /* AccountSetupField.swift */,
			);
			path = Models;
			sourceTree = "<group>";
		};
/* End PBXGroup section */

/* Begin PBXNativeTarget section */
		4D49A7121B513B6A001FCF54 /* KlockWirk */ = {
			isa = PBXNativeTarget;
			buildConfigurationList = 4D49A7321B513B6A001FCF54 /* Build configuration list for PBXNativeTarget "KlockWirk" */;
			buildPhases = (
				4D49A70F1B513B6A001FCF54 /* Sources */,
				4D49A7101B513B6A001FCF54 /* Frameworks */,
				4D49A7111B513B6A001FCF54 /* Resources */,
			);
			buildRules = (
			);
			dependencies = (
			);
			name = KlockWirk;
			productName = KlockWirk;
			productReference = 4D49A7131B513B6A001FCF54 /* KlockWirk.app */;
			productType = "com.apple.product-type.application";
		};
		4D49A7271B513B6A001FCF54 /* KlockWirkTests */ = {
			isa = PBXNativeTarget;
			buildConfigurationList = 4D49A7351B513B6A001FCF54 /* Build configuration list for PBXNativeTarget "KlockWirkTests" */;
			buildPhases = (
				4D49A7241B513B6A001FCF54 /* Sources */,
				4D49A7251B513B6A001FCF54 /* Frameworks */,
				4D49A7261B513B6A001FCF54 /* Resources */,
			);
			buildRules = (
			);
			dependencies = (
				4D49A72A1B513B6A001FCF54 /* PBXTargetDependency */,
			);
			name = KlockWirkTests;
			productName = KlockWirkTests;
			productReference = 4D49A7281B513B6A001FCF54 /* KlockWirkTests.xctest */;
			productType = "com.apple.product-type.bundle.unit-test";
		};
/* End PBXNativeTarget section */

/* Begin PBXProject section */
		4D49A70B1B513B6A001FCF54 /* Project object */ = {
			isa = PBXProject;
			attributes = {
				LastSwiftMigration = 0700;
				LastSwiftUpdateCheck = 0700;
				LastUpgradeCheck = 0620;
				ORGANIZATIONNAME = KlockWirk;
				TargetAttributes = {
					4D49A7121B513B6A001FCF54 = {
						CreatedOnToolsVersion = 6.2;
						DevelopmentTeam = MFFRX45CX4;
					};
					4D49A7271B513B6A001FCF54 = {
						CreatedOnToolsVersion = 6.2;
						TestTargetID = 4D49A7121B513B6A001FCF54;
					};
				};
			};
			buildConfigurationList = 4D49A70E1B513B6A001FCF54 /* Build configuration list for PBXProject "KlockWirk" */;
			compatibilityVersion = "Xcode 3.2";
			developmentRegion = English;
			hasScannedForEncodings = 0;
			knownRegions = (
				en,
				Base,
			);
			mainGroup = 4D49A70A1B513B6A001FCF54;
			productRefGroup = 4D49A7141B513B6A001FCF54 /* Products */;
			projectDirPath = "";
			projectRoot = "";
			targets = (
				4D49A7121B513B6A001FCF54 /* KlockWirk */,
				4D49A7271B513B6A001FCF54 /* KlockWirkTests */,
			);
		};
/* End PBXProject section */

/* Begin PBXResourcesBuildPhase section */
		4D49A7111B513B6A001FCF54 /* Resources */ = {
			isa = PBXResourcesBuildPhase;
			buildActionMask = 2147483647;
			files = (
				4D2C54641B8A7A8F0007AFD5 /* SettingsViewController.xib in Resources */,
				4D2C54871B9DF0DB0007AFD5 /* KlockWirkerSetupViewController.xib in Resources */,
				4D79E64E1B8008F900A1F25D /* ManageKlockWirkersViewController.xib in Resources */,
				4D2C54D51BA3D0DF0007AFD5 /* DatePickerViewController.xib in Resources */,
				4DE7548D1BA5AA8800D3FE29 /* SchedulesTableViewController.xib in Resources */,
				4D79E6311B782A4B00A1F25D /* LoginViewController.xib in Resources */,
				4D49A71E1B513B6A001FCF54 /* Main.storyboard in Resources */,
				4D2C54531B880EE40007AFD5 /* KlockWirkerDetailViewController.xib in Resources */,
				4D2C549C1B9FBD0B0007AFD5 /* MerchantSetupViewController.xib in Resources */,
				4D49A7231B513B6A001FCF54 /* LaunchScreen.xib in Resources */,
				4DE754911BA5ACDB00D3FE29 /* ScheduleDetailViewController.xib in Resources */,
				4D49A7201B513B6A001FCF54 /* Images.xcassets in Resources */,
				4D2C54771B952BD20007AFD5 /* EnrollmentViewCell.xib in Resources */,
				4D2C54981B9FB0510007AFD5 /* NewKlockWirkerViewController.xib in Resources */,
				4D2C54941B9E68720007AFD5 /* KlockWirkerSelectionViewController.xib in Resources */,
				4D2C54D91BA3D51A0007AFD5 /* AddScheduleTableViewController.xib in Resources */,
				4D2C548C1B9E5B950007AFD5 /* HomeViewController.xib in Resources */,
			);
			runOnlyForDeploymentPostprocessing = 0;
		};
		4D49A7261B513B6A001FCF54 /* Resources */ = {
			isa = PBXResourcesBuildPhase;
			buildActionMask = 2147483647;
			files = (
			);
			runOnlyForDeploymentPostprocessing = 0;
		};
/* End PBXResourcesBuildPhase section */

/* Begin PBXSourcesBuildPhase section */
		4D49A70F1B513B6A001FCF54 /* Sources */ = {
			isa = PBXSourcesBuildPhase;
			buildActionMask = 2147483647;
			files = (
				4D2C54C21BA3C1210007AFD5 /* RSDFCustomDatePickerCollectionView.m in Sources */,
				4D79E6301B782A4B00A1F25D /* LoginViewController.swift in Sources */,
				4DDA8D301B5147F10056800C /* AFImageRequestOperation.m in Sources */,
				4D2C54C61BA3C1210007AFD5 /* RSDFCustomDatePickerMonthHeader.m in Sources */,
				4D2C54E31BA441960007AFD5 /* SpinerLayer.swift in Sources */,
				4DE7548C1BA5AA8800D3FE29 /* SchedulesTableViewController.swift in Sources */,
				4D2C54E41BA441960007AFD5 /* TransitionSubmitButton.swift in Sources */,
				4D2C54CC1BA3C1210007AFD5 /* RSDFDatePickerMonthHeader.m in Sources */,
				4D2C54631B8A7A8F0007AFD5 /* SettingsViewController.swift in Sources */,
				4D2C54C41BA3C1210007AFD5 /* RSDFCustomDatePickerDayCell.m in Sources */,
				4D79E6471B7F6A7D00A1F25D /* JSONUtilities.swift in Sources */,
				4D2C54D81BA3D51A0007AFD5 /* AddScheduleTableViewController.swift in Sources */,
				4D2C54C51BA3C1210007AFD5 /* RSDFCustomDatePickerDaysOfWeekView.m in Sources */,
				4D2C544F1B87F59F0007AFD5 /* NotificationUtilities.swift in Sources */,
				4D2C549B1B9FBD0B0007AFD5 /* MerchantSetupViewController.swift in Sources */,
				4D2C546A1B8A907B0007AFD5 /* MerchantTabBarController.swift in Sources */,
				4D79E64D1B8008F900A1F25D /* ManageKlockWirkersViewController.swift in Sources */,
				4D2C54C31BA3C1210007AFD5 /* RSDFCustomDatePickerCollectionViewLayout.m in Sources */,
				4D2C549E1BA111190007AFD5 /* Schedule.swift in Sources */,
				4D2C545B1B8A03130007AFD5 /* MBProgressHUD.m in Sources */,
				4D2C54CB1BA3C1210007AFD5 /* RSDFDatePickerDaysOfWeekView.m in Sources */,
				4D2C545D1B8A6D9E0007AFD5 /* LoginService.swift in Sources */,
				4D2C54E01BA441960007AFD5 /* CGRectEx.swift in Sources */,
				4DDA8D331B5147F10056800C /* AFPropertyListRequestOperation.m in Sources */,
				4D2C54C91BA3C1210007AFD5 /* RSDFDatePickerCollectionViewLayout.m in Sources */,
				4D2C55431BA4A88A0007AFD5 /* Chart.swift in Sources */,
				4D2C54E21BA441960007AFD5 /* NSTimerEx.swift in Sources */,
				4D2C547B1B9536A60007AFD5 /* AccountSetupField.swift in Sources */,
				4D79E63C1B7EC64900A1F25D /* KlockWirker.swift in Sources */,
				4D79E63E1B7EC65800A1F25D /* Merchant.swift in Sources */,
				4D2C54C11BA3C1210007AFD5 /* NSCalendar+RSDFAdditions.m in Sources */,
				4D2C54CD1BA3C1210007AFD5 /* RSDFDatePickerView.m in Sources */,
				4D49A73A1B51430D001FCF54 /* KlockWirkerServices.swift in Sources */,
				4DDA8D341B5147F10056800C /* AFURLConnectionOperation.m in Sources */,
				4D2C54A01BA3ABC20007AFD5 /* ScheduleService.swift in Sources */,
				4D2C547F1B97C8CE0007AFD5 /* BaseKlockWirkService.swift in Sources */,
				4D2C545F1B8A70B10007AFD5 /* DictionaryExtenstions.swift in Sources */,
				4DDA8D351B5147F10056800C /* AFXMLRequestOperation.m in Sources */,
				4DDA8D311B5147F10056800C /* AFJSONRequestOperation.m in Sources */,
				4D2C54C81BA3C1210007AFD5 /* RSDFDatePickerCollectionView.m in Sources */,
				4D39E7C21B6EE0E800DC82DF /* KlockWirkTabBarController.swift in Sources */,
				4D2C54D41BA3D0DF0007AFD5 /* DatePickerViewController.swift in Sources */,
				4D2C54C71BA3C1210007AFD5 /* RSDFCustomDatePickerView.m in Sources */,
				4DDA8D361B5147F10056800C /* UIImageView+AFNetworking.m in Sources */,
				4D2C54811B9AA1580007AFD5 /* ImageUtilities.swift in Sources */,
				4D2C54521B880EE40007AFD5 /* KlockWirkerDetailViewController.swift in Sources */,
				4DDA8D321B5147F10056800C /* AFNetworkActivityIndicatorManager.m in Sources */,
				4D2C54971B9FB0510007AFD5 /* NewKlockWirkerViewController.swift in Sources */,
				4DE754901BA5ACDB00D3FE29 /* ScheduleDetailViewController.swift in Sources */,
				4D2C54931B9E68720007AFD5 /* KlockWirkerSelectionViewController.swift in Sources */,
				4D2C54E11BA441960007AFD5 /* FadeTransition.swift in Sources */,
				4D2C54CE1BA3C1210007AFD5 /* RSDFDatePickerViewController.m in Sources */,
				4DDA8D2F1B5147F10056800C /* AFHTTPRequestOperation.m in Sources */,
				4D49A7191B513B6A001FCF54 /* AppDelegate.swift in Sources */,
				4D2C54CA1BA3C1210007AFD5 /* RSDFDatePickerDayCell.m in Sources */,
				4DDA8D3E1B5150FE0056800C /* Constants.swift in Sources */,
				4D2C54761B952BD20007AFD5 /* EnrollmentViewCell.swift in Sources */,
				4DDA8D391B514AC50056800C /* ApplicationInformation.swift in Sources */,
				4D2C548B1B9E5B950007AFD5 /* HomeViewController.swift in Sources */,
				4D2C54831B9C03000007AFD5 /* PosSalesService.swift in Sources */,
				4DDA8D2E1B5147F10056800C /* AFHTTPClient.m in Sources */,
				4D2C547D1B97C7F20007AFD5 /* MerchantServices.swift in Sources */,
				4D2C54861B9DF0DB0007AFD5 /* KlockWirkerSetupViewController.swift in Sources */,
				4D2C55401BA4809D0007AFD5 /* MDRotatingPieChart.swift in Sources */,
			);
			runOnlyForDeploymentPostprocessing = 0;
		};
		4D49A7241B513B6A001FCF54 /* Sources */ = {
			isa = PBXSourcesBuildPhase;
			buildActionMask = 2147483647;
			files = (
				4D49A72F1B513B6A001FCF54 /* KlockWirkTests.swift in Sources */,
			);
			runOnlyForDeploymentPostprocessing = 0;
		};
/* End PBXSourcesBuildPhase section */

/* Begin PBXTargetDependency section */
		4D49A72A1B513B6A001FCF54 /* PBXTargetDependency */ = {
			isa = PBXTargetDependency;
			target = 4D49A7121B513B6A001FCF54 /* KlockWirk */;
			targetProxy = 4D49A7291B513B6A001FCF54 /* PBXContainerItemProxy */;
		};
/* End PBXTargetDependency section */

/* Begin PBXVariantGroup section */
		4D49A71C1B513B6A001FCF54 /* Main.storyboard */ = {
			isa = PBXVariantGroup;
			children = (
				4D49A71D1B513B6A001FCF54 /* Base */,
			);
			name = Main.storyboard;
			sourceTree = "<group>";
		};
		4D49A7211B513B6A001FCF54 /* LaunchScreen.xib */ = {
			isa = PBXVariantGroup;
			children = (
				4D49A7221B513B6A001FCF54 /* Base */,
			);
			name = LaunchScreen.xib;
			sourceTree = "<group>";
		};
/* End PBXVariantGroup section */

/* Begin XCBuildConfiguration section */
		4D49A7301B513B6A001FCF54 /* Debug */ = {
			isa = XCBuildConfiguration;
			buildSettings = {
				ALWAYS_SEARCH_USER_PATHS = NO;
				CLANG_CXX_LANGUAGE_STANDARD = "gnu++0x";
				CLANG_CXX_LIBRARY = "libc++";
				CLANG_ENABLE_MODULES = YES;
				CLANG_ENABLE_OBJC_ARC = YES;
				CLANG_WARN_BOOL_CONVERSION = YES;
				CLANG_WARN_CONSTANT_CONVERSION = YES;
				CLANG_WARN_DIRECT_OBJC_ISA_USAGE = YES_ERROR;
				CLANG_WARN_EMPTY_BODY = YES;
				CLANG_WARN_ENUM_CONVERSION = YES;
				CLANG_WARN_INT_CONVERSION = YES;
				CLANG_WARN_OBJC_ROOT_CLASS = YES_ERROR;
				CLANG_WARN_UNREACHABLE_CODE = YES;
				CLANG_WARN__DUPLICATE_METHOD_MATCH = YES;
				"CODE_SIGN_IDENTITY[sdk=iphoneos*]" = "iPhone Developer";
				COPY_PHASE_STRIP = NO;
				ENABLE_STRICT_OBJC_MSGSEND = YES;
				GCC_C_LANGUAGE_STANDARD = gnu99;
				GCC_DYNAMIC_NO_PIC = NO;
				GCC_OPTIMIZATION_LEVEL = 0;
				GCC_PREPROCESSOR_DEFINITIONS = (
					"DEBUG=1",
					"$(inherited)",
				);
				GCC_SYMBOLS_PRIVATE_EXTERN = NO;
				GCC_WARN_64_TO_32_BIT_CONVERSION = YES;
				GCC_WARN_ABOUT_RETURN_TYPE = YES_ERROR;
				GCC_WARN_UNDECLARED_SELECTOR = YES;
				GCC_WARN_UNINITIALIZED_AUTOS = YES_AGGRESSIVE;
				GCC_WARN_UNUSED_FUNCTION = YES;
				GCC_WARN_UNUSED_VARIABLE = YES;
				IPHONEOS_DEPLOYMENT_TARGET = 8.0;
				MTL_ENABLE_DEBUG_INFO = YES;
				ONLY_ACTIVE_ARCH = YES;
				SDKROOT = iphoneos;
				SWIFT_OPTIMIZATION_LEVEL = "-Onone";
			};
			name = Debug;
		};
		4D49A7311B513B6A001FCF54 /* Release */ = {
			isa = XCBuildConfiguration;
			buildSettings = {
				ALWAYS_SEARCH_USER_PATHS = NO;
				CLANG_CXX_LANGUAGE_STANDARD = "gnu++0x";
				CLANG_CXX_LIBRARY = "libc++";
				CLANG_ENABLE_MODULES = YES;
				CLANG_ENABLE_OBJC_ARC = YES;
				CLANG_WARN_BOOL_CONVERSION = YES;
				CLANG_WARN_CONSTANT_CONVERSION = YES;
				CLANG_WARN_DIRECT_OBJC_ISA_USAGE = YES_ERROR;
				CLANG_WARN_EMPTY_BODY = YES;
				CLANG_WARN_ENUM_CONVERSION = YES;
				CLANG_WARN_INT_CONVERSION = YES;
				CLANG_WARN_OBJC_ROOT_CLASS = YES_ERROR;
				CLANG_WARN_UNREACHABLE_CODE = YES;
				CLANG_WARN__DUPLICATE_METHOD_MATCH = YES;
				"CODE_SIGN_IDENTITY[sdk=iphoneos*]" = "iPhone Developer";
				COPY_PHASE_STRIP = NO;
				ENABLE_NS_ASSERTIONS = NO;
				ENABLE_STRICT_OBJC_MSGSEND = YES;
				GCC_C_LANGUAGE_STANDARD = gnu99;
				GCC_WARN_64_TO_32_BIT_CONVERSION = YES;
				GCC_WARN_ABOUT_RETURN_TYPE = YES_ERROR;
				GCC_WARN_UNDECLARED_SELECTOR = YES;
				GCC_WARN_UNINITIALIZED_AUTOS = YES_AGGRESSIVE;
				GCC_WARN_UNUSED_FUNCTION = YES;
				GCC_WARN_UNUSED_VARIABLE = YES;
				IPHONEOS_DEPLOYMENT_TARGET = 8.0;
				MTL_ENABLE_DEBUG_INFO = NO;
				SDKROOT = iphoneos;
				VALIDATE_PRODUCT = YES;
			};
			name = Release;
		};
		4D49A7331B513B6A001FCF54 /* Debug */ = {
			isa = XCBuildConfiguration;
			buildSettings = {
				ASSETCATALOG_COMPILER_APPICON_NAME = AppIcon;
				CODE_SIGN_IDENTITY = "iPhone Distribution: Casey Egan (MFFRX45CX4)";
				"CODE_SIGN_IDENTITY[sdk=iphoneos*]" = "iPhone Distribution: Casey Egan (MFFRX45CX4)";
				INFOPLIST_FILE = KlockWirk/Info.plist;
				LD_RUNPATH_SEARCH_PATHS = "$(inherited) @executable_path/Frameworks";
				PRODUCT_NAME = "$(TARGET_NAME)";
				PROVISIONING_PROFILE = "7a44e749-0434-4222-97bc-8f4ecfee04bc";
				SWIFT_OBJC_BRIDGING_HEADER = bridge.h;
			};
			name = Debug;
		};
		4D49A7341B513B6A001FCF54 /* Release */ = {
			isa = XCBuildConfiguration;
			buildSettings = {
				ASSETCATALOG_COMPILER_APPICON_NAME = AppIcon;
				CODE_SIGN_IDENTITY = "iPhone Distribution: Casey Egan (MFFRX45CX4)";
				"CODE_SIGN_IDENTITY[sdk=iphoneos*]" = "iPhone Distribution: Casey Egan (MFFRX45CX4)";
				INFOPLIST_FILE = KlockWirk/Info.plist;
				LD_RUNPATH_SEARCH_PATHS = "$(inherited) @executable_path/Frameworks";
				PRODUCT_NAME = "$(TARGET_NAME)";
				PROVISIONING_PROFILE = "7a44e749-0434-4222-97bc-8f4ecfee04bc";
				SWIFT_OBJC_BRIDGING_HEADER = bridge.h;
			};
			name = Release;
		};
		4D49A7361B513B6A001FCF54 /* Debug */ = {
			isa = XCBuildConfiguration;
			buildSettings = {
				BUNDLE_LOADER = "$(TEST_HOST)";
				FRAMEWORK_SEARCH_PATHS = (
					"$(SDKROOT)/Developer/Library/Frameworks",
					"$(inherited)",
				);
				GCC_PREPROCESSOR_DEFINITIONS = (
					"DEBUG=1",
					"$(inherited)",
				);
				INFOPLIST_FILE = KlockWirkTests/Info.plist;
				LD_RUNPATH_SEARCH_PATHS = "$(inherited) @executable_path/Frameworks @loader_path/Frameworks";
				PRODUCT_NAME = "$(TARGET_NAME)";
				TEST_HOST = "$(BUILT_PRODUCTS_DIR)/KlockWirk.app/KlockWirk";
			};
			name = Debug;
		};
		4D49A7371B513B6A001FCF54 /* Release */ = {
			isa = XCBuildConfiguration;
			buildSettings = {
				BUNDLE_LOADER = "$(TEST_HOST)";
				FRAMEWORK_SEARCH_PATHS = (
					"$(SDKROOT)/Developer/Library/Frameworks",
					"$(inherited)",
				);
				INFOPLIST_FILE = KlockWirkTests/Info.plist;
				LD_RUNPATH_SEARCH_PATHS = "$(inherited) @executable_path/Frameworks @loader_path/Frameworks";
				PRODUCT_NAME = "$(TARGET_NAME)";
				TEST_HOST = "$(BUILT_PRODUCTS_DIR)/KlockWirk.app/KlockWirk";
			};
			name = Release;
		};
/* End XCBuildConfiguration section */

/* Begin XCConfigurationList section */
		4D49A70E1B513B6A001FCF54 /* Build configuration list for PBXProject "KlockWirk" */ = {
			isa = XCConfigurationList;
			buildConfigurations = (
				4D49A7301B513B6A001FCF54 /* Debug */,
				4D49A7311B513B6A001FCF54 /* Release */,
			);
			defaultConfigurationIsVisible = 0;
			defaultConfigurationName = Release;
		};
		4D49A7321B513B6A001FCF54 /* Build configuration list for PBXNativeTarget "KlockWirk" */ = {
			isa = XCConfigurationList;
			buildConfigurations = (
				4D49A7331B513B6A001FCF54 /* Debug */,
				4D49A7341B513B6A001FCF54 /* Release */,
			);
			defaultConfigurationIsVisible = 0;
			defaultConfigurationName = Release;
		};
		4D49A7351B513B6A001FCF54 /* Build configuration list for PBXNativeTarget "KlockWirkTests" */ = {
			isa = XCConfigurationList;
			buildConfigurations = (
				4D49A7361B513B6A001FCF54 /* Debug */,
				4D49A7371B513B6A001FCF54 /* Release */,
			);
			defaultConfigurationIsVisible = 0;
			defaultConfigurationName = Release;
		};
/* End XCConfigurationList section */
	};
	rootObject = 4D49A70B1B513B6A001FCF54 /* Project object */;
}
